
Microsoft Visual Studio Solution File, Format Version 12.00
# Visual Studio Version 16
VisualStudioVersion = 25.0.1706.6
MinimumVisualStudioVersion = 10.0.40219.1
Project("{FAE04EC0-301F-11D3-BF4B-00C04F79EFBC}") = "ProductAPI", "ProductAPI\ProductAPI.csproj", "{07329615-7EF0-4200-99E3-15D4F52FFD02}"
EndProject
Global
	GlobalSection(SolutionConfigurationPlatforms) = preSolution
		Debug|Any CPU = Debug|Any CPU
		Release|Any CPU = Release|Any CPU
	EndGlobalSection
	GlobalSection(ProjectConfigurationPlatforms) = postSolution
		{07329615-7EF0-4200-99E3-15D4F52FFD02}.Debug|Any CPU.ActiveCfg = Debug|Any CPU
		{07329615-7EF0-4200-99E3-15D4F52FFD02}.Debug|Any CPU.Build.0 = Debug|Any CPU
		{07329615-7EF0-4200-99E3-15D4F52FFD02}.Release|Any CPU.ActiveCfg = Release|Any CPU
		{07329615-7EF0-4200-99E3-15D4F52FFD02}.Release|Any CPU.Build.0 = Release|Any CPU
	EndGlobalSection
	GlobalSection(SolutionProperties) = preSolution
		HideSolutionNode = FALSE
	EndGlobalSection
	GlobalSection(ExtensibilityGlobals) = postSolution
		SolutionGuid = {F08572D6-58FC-4DF8-B94B-47B47C4FF856}
	EndGlobalSection
EndGlobal
